// !$*UTF8*$!
{
	archiveVersion = 1;
	classes = {
	};
	objectVersion = 56;
	objects = {

/* Begin PBXBuildFile section */
		9C3B1A0129B529180023D9BD /* Main.storyboard in Resources */ = {isa = PBXBuildFile; fileRef = 9C9A1C4A29B41272005A7B6A /* Main.storyboard */; };
		9C3B1A0529B52FF80023D9BD /* IncomeTableViewCell.swift in Sources */ = {isa = PBXBuildFile; fileRef = 9C3B1A0429B52FF80023D9BD /* IncomeTableViewCell.swift */; };
		9C3B1A0829B535B40023D9BD /* Date Formatter.swift in Sources */ = {isa = PBXBuildFile; fileRef = 9C3B1A0729B535B40023D9BD /* Date Formatter.swift */; };
		9C4A38F529AA96DE008639D6 /* WeeklySpendViewController.swift in Sources */ = {isa = PBXBuildFile; fileRef = 9C4A38F429AA96DE008639D6 /* WeeklySpendViewController.swift */; };
		9C4A38F729AAB630008639D6 /* CoreDataStack.swift in Sources */ = {isa = PBXBuildFile; fileRef = 9C4A38F629AAB630008639D6 /* CoreDataStack.swift */; };
		9C4A38F929AACEDB008639D6 /* WeeklySpend+Convenience.swift in Sources */ = {isa = PBXBuildFile; fileRef = 9C4A38F829AACEDB008639D6 /* WeeklySpend+Convenience.swift */; };
		9C4A38FC29AD2674008639D6 /* WeeklySpendController.swift in Sources */ = {isa = PBXBuildFile; fileRef = 9C4A38FB29AD2674008639D6 /* WeeklySpendController.swift */; };
		9C4A38FE29AEE6AC008639D6 /* CoreDataManager.swift in Sources */ = {isa = PBXBuildFile; fileRef = 9C4A38FD29AEE6AC008639D6 /* CoreDataManager.swift */; };
		9C4A390029B168CF008639D6 /* AddTransactionViewController.swift in Sources */ = {isa = PBXBuildFile; fileRef = 9C4A38FF29B168CF008639D6 /* AddTransactionViewController.swift */; };
		9C4A390429B18A8E008639D6 /* IncomeTableViewController.swift in Sources */ = {isa = PBXBuildFile; fileRef = 9C4A390329B18A8E008639D6 /* IncomeTableViewController.swift */; };
		9C9A1C4129B19E8B005A7B6A /* Transaction+Convenience.swift in Sources */ = {isa = PBXBuildFile; fileRef = 9C9A1C4029B19E8B005A7B6A /* Transaction+Convenience.swift */; };
		9CD06FAE299869A00017EF5F /* AppDelegate.swift in Sources */ = {isa = PBXBuildFile; fileRef = 9CD06FAD299869A00017EF5F /* AppDelegate.swift */; };
		9CD06FB0299869A00017EF5F /* SceneDelegate.swift in Sources */ = {isa = PBXBuildFile; fileRef = 9CD06FAF299869A00017EF5F /* SceneDelegate.swift */; };
		9CD06FB8299869A10017EF5F /* BudgetView.xcdatamodeld in Sources */ = {isa = PBXBuildFile; fileRef = 9CD06FB6299869A10017EF5F /* BudgetView.xcdatamodeld */; };
		9CD06FBA299869A20017EF5F /* Assets.xcassets in Resources */ = {isa = PBXBuildFile; fileRef = 9CD06FB9299869A20017EF5F /* Assets.xcassets */; };
/* End PBXBuildFile section */

/* Begin PBXFileReference section */
		9C3B1A0429B52FF80023D9BD /* IncomeTableViewCell.swift */ = {isa = PBXFileReference; lastKnownFileType = sourcecode.swift; path = IncomeTableViewCell.swift; sourceTree = "<group>"; };
		9C3B1A0729B535B40023D9BD /* Date Formatter.swift */ = {isa = PBXFileReference; lastKnownFileType = sourcecode.swift; path = "Date Formatter.swift"; sourceTree = "<group>"; };
		9C4A38F429AA96DE008639D6 /* WeeklySpendViewController.swift */ = {isa = PBXFileReference; lastKnownFileType = sourcecode.swift; path = WeeklySpendViewController.swift; sourceTree = "<group>"; };
		9C4A38F629AAB630008639D6 /* CoreDataStack.swift */ = {isa = PBXFileReference; lastKnownFileType = sourcecode.swift; path = CoreDataStack.swift; sourceTree = "<group>"; };
		9C4A38F829AACEDB008639D6 /* WeeklySpend+Convenience.swift */ = {isa = PBXFileReference; lastKnownFileType = sourcecode.swift; path = "WeeklySpend+Convenience.swift"; sourceTree = "<group>"; };
		9C4A38FB29AD2674008639D6 /* WeeklySpendController.swift */ = {isa = PBXFileReference; lastKnownFileType = sourcecode.swift; path = WeeklySpendController.swift; sourceTree = "<group>"; };
		9C4A38FD29AEE6AC008639D6 /* CoreDataManager.swift */ = {isa = PBXFileReference; lastKnownFileType = sourcecode.swift; path = CoreDataManager.swift; sourceTree = "<group>"; };
		9C4A38FF29B168CF008639D6 /* AddTransactionViewController.swift */ = {isa = PBXFileReference; lastKnownFileType = sourcecode.swift; path = AddTransactionViewController.swift; sourceTree = "<group>"; };
		9C4A390329B18A8E008639D6 /* IncomeTableViewController.swift */ = {isa = PBXFileReference; lastKnownFileType = sourcecode.swift; path = IncomeTableViewController.swift; sourceTree = "<group>"; };
		9C9A1C4029B19E8B005A7B6A /* Transaction+Convenience.swift */ = {isa = PBXFileReference; lastKnownFileType = sourcecode.swift; path = "Transaction+Convenience.swift"; sourceTree = "<group>"; };
		9C9A1C4929B41272005A7B6A /* LaunchScreen.storyboard */ = {isa = PBXFileReference; lastKnownFileType = file.storyboard; path = LaunchScreen.storyboard; sourceTree = "<group>"; };
		9C9A1C4A29B41272005A7B6A /* Main.storyboard */ = {isa = PBXFileReference; lastKnownFileType = file.storyboard; path = Main.storyboard; sourceTree = "<group>"; };
		9CD06FAA299869A00017EF5F /* BudgetView.app */ = {isa = PBXFileReference; explicitFileType = wrapper.application; includeInIndex = 0; path = BudgetView.app; sourceTree = BUILT_PRODUCTS_DIR; };
		9CD06FAD299869A00017EF5F /* AppDelegate.swift */ = {isa = PBXFileReference; lastKnownFileType = sourcecode.swift; path = AppDelegate.swift; sourceTree = "<group>"; };
		9CD06FAF299869A00017EF5F /* SceneDelegate.swift */ = {isa = PBXFileReference; lastKnownFileType = sourcecode.swift; path = SceneDelegate.swift; sourceTree = "<group>"; };
		9CD06FB7299869A10017EF5F /* BudgetView.xcdatamodel */ = {isa = PBXFileReference; lastKnownFileType = wrapper.xcdatamodel; path = BudgetView.xcdatamodel; sourceTree = "<group>"; };
		9CD06FB9299869A20017EF5F /* Assets.xcassets */ = {isa = PBXFileReference; lastKnownFileType = folder.assetcatalog; path = Assets.xcassets; sourceTree = "<group>"; };
		9CD06FBE299869A20017EF5F /* Info.plist */ = {isa = PBXFileReference; lastKnownFileType = text.plist.xml; path = Info.plist; sourceTree = "<group>"; };
/* End PBXFileReference section */

/* Begin PBXFrameworksBuildPhase section */
		9CD06FA7299869A00017EF5F /* Frameworks */ = {
			isa = PBXFrameworksBuildPhase;
			buildActionMask = 2147483647;
			files = (
			);
			runOnlyForDeploymentPostprocessing = 0;
		};
/* End PBXFrameworksBuildPhase section */

/* Begin PBXGroup section */
		9C3B1A0329B52BD20023D9BD /* Custom Views */ = {
			isa = PBXGroup;
			children = (
				9C3B1A0429B52FF80023D9BD /* IncomeTableViewCell.swift */,
			);
			path = "Custom Views";
			sourceTree = "<group>";
		};
		9C3B1A0629B535560023D9BD /* Helpers and Extensions */ = {
			isa = PBXGroup;
			children = (
				9C3B1A0729B535B40023D9BD /* Date Formatter.swift */,
			);
			path = "Helpers and Extensions";
			sourceTree = "<group>";
		};
		9C4A38F229A56376008639D6 /* CoreData */ = {
			isa = PBXGroup;
			children = (
				9CD06FB6299869A10017EF5F /* BudgetView.xcdatamodeld */,
				9C4A38F629AAB630008639D6 /* CoreDataStack.swift */,
				9C4A38F829AACEDB008639D6 /* WeeklySpend+Convenience.swift */,
				9C4A38FD29AEE6AC008639D6 /* CoreDataManager.swift */,
				9C9A1C4029B19E8B005A7B6A /* Transaction+Convenience.swift */,
			);
			path = CoreData;
			sourceTree = "<group>";
		};
		9C4A38F329AA968C008639D6 /* ViewControllers */ = {
			isa = PBXGroup;
			children = (
				9C4A38F429AA96DE008639D6 /* WeeklySpendViewController.swift */,
				9C4A38FF29B168CF008639D6 /* AddTransactionViewController.swift */,
				9C4A390329B18A8E008639D6 /* IncomeTableViewController.swift */,
			);
			path = ViewControllers;
			sourceTree = "<group>";
		};
		9C4A38FA29AD265A008639D6 /* Model Controllers */ = {
			isa = PBXGroup;
			children = (
				9C4A38FB29AD2674008639D6 /* WeeklySpendController.swift */,
			);
			path = "Model Controllers";
			sourceTree = "<group>";
		};
		9C9A1C4729B41272005A7B6A /* Views */ = {
			isa = PBXGroup;
			children = (
				9C3B1A0329B52BD20023D9BD /* Custom Views */,
				9C9A1C4829B41272005A7B6A /* Storyboards */,
			);
			path = Views;
			sourceTree = "<group>";
		};
		9C9A1C4829B41272005A7B6A /* Storyboards */ = {
			isa = PBXGroup;
			children = (
				9C9A1C4929B41272005A7B6A /* LaunchScreen.storyboard */,
				9C9A1C4A29B41272005A7B6A /* Main.storyboard */,
			);
			path = Storyboards;
			sourceTree = "<group>";
		};
		9CD06FA1299869A00017EF5F = {
			isa = PBXGroup;
			children = (
				9CD06FAC299869A00017EF5F /* BudgetView */,
				9CD06FAB299869A00017EF5F /* Products */,
			);
			sourceTree = "<group>";
		};
		9CD06FAB299869A00017EF5F /* Products */ = {
			isa = PBXGroup;
			children = (
				9CD06FAA299869A00017EF5F /* BudgetView.app */,
			);
			name = Products;
			sourceTree = "<group>";
		};
		9CD06FAC299869A00017EF5F /* BudgetView */ = {
			isa = PBXGroup;
			children = (
				9C3B1A0629B535560023D9BD /* Helpers and Extensions */,
				9C9A1C4729B41272005A7B6A /* Views */,
				9C4A38FA29AD265A008639D6 /* Model Controllers */,
				9C4A38F329AA968C008639D6 /* ViewControllers */,
				9CD06FC429986BFE0017EF5F /* Resources */,
				9C4A38F229A56376008639D6 /* CoreData */,
			);
			path = BudgetView;
			sourceTree = "<group>";
		};
		9CD06FC429986BFE0017EF5F /* Resources */ = {
			isa = PBXGroup;
			children = (
				9CD06FAD299869A00017EF5F /* AppDelegate.swift */,
				9CD06FAF299869A00017EF5F /* SceneDelegate.swift */,
				9CD06FB9299869A20017EF5F /* Assets.xcassets */,
				9CD06FBE299869A20017EF5F /* Info.plist */,
			);
			path = Resources;
			sourceTree = "<group>";
		};
/* End PBXGroup section */

/* Begin PBXNativeTarget section */
		9CD06FA9299869A00017EF5F /* BudgetView */ = {
			isa = PBXNativeTarget;
			buildConfigurationList = 9CD06FC1299869A20017EF5F /* Build configuration list for PBXNativeTarget "BudgetView" */;
			buildPhases = (
				9CD06FA6299869A00017EF5F /* Sources */,
				9CD06FA7299869A00017EF5F /* Frameworks */,
				9CD06FA8299869A00017EF5F /* Resources */,
			);
			buildRules = (
			);
			dependencies = (
			);
			name = BudgetView;
			productName = BudgetView;
			productReference = 9CD06FAA299869A00017EF5F /* BudgetView.app */;
			productType = "com.apple.product-type.application";
		};
/* End PBXNativeTarget section */

/* Begin PBXProject section */
		9CD06FA2299869A00017EF5F /* Project object */ = {
			isa = PBXProject;
			attributes = {
				BuildIndependentTargetsInParallel = 1;
				LastSwiftUpdateCheck = 1420;
				LastUpgradeCheck = 1420;
				TargetAttributes = {
					9CD06FA9299869A00017EF5F = {
						CreatedOnToolsVersion = 14.2;
					};
				};
			};
			buildConfigurationList = 9CD06FA5299869A00017EF5F /* Build configuration list for PBXProject "BudgetView" */;
			compatibilityVersion = "Xcode 14.0";
			developmentRegion = en;
			hasScannedForEncodings = 0;
			knownRegions = (
				en,
				Base,
			);
			mainGroup = 9CD06FA1299869A00017EF5F;
			productRefGroup = 9CD06FAB299869A00017EF5F /* Products */;
			projectDirPath = "";
			projectRoot = "";
			targets = (
				9CD06FA9299869A00017EF5F /* BudgetView */,
			);
		};
/* End PBXProject section */

/* Begin PBXResourcesBuildPhase section */
		9CD06FA8299869A00017EF5F /* Resources */ = {
			isa = PBXResourcesBuildPhase;
			buildActionMask = 2147483647;
			files = (
				9CD06FBA299869A20017EF5F /* Assets.xcassets in Resources */,
				9C3B1A0129B529180023D9BD /* Main.storyboard in Resources */,
			);
			runOnlyForDeploymentPostprocessing = 0;
		};
/* End PBXResourcesBuildPhase section */

/* Begin PBXSourcesBuildPhase section */
		9CD06FA6299869A00017EF5F /* Sources */ = {
			isa = PBXSourcesBuildPhase;
			buildActionMask = 2147483647;
			files = (
				9C4A38F729AAB630008639D6 /* CoreDataStack.swift in Sources */,
				9C4A38F529AA96DE008639D6 /* WeeklySpendViewController.swift in Sources */,
				9C3B1A0529B52FF80023D9BD /* IncomeTableViewCell.swift in Sources */,
				9CD06FB8299869A10017EF5F /* BudgetView.xcdatamodeld in Sources */,
				9C3B1A0829B535B40023D9BD /* Date Formatter.swift in Sources */,
				9C4A38F929AACEDB008639D6 /* WeeklySpend+Convenience.swift in Sources */,
				9CD06FAE299869A00017EF5F /* AppDelegate.swift in Sources */,
				9CD06FB0299869A00017EF5F /* SceneDelegate.swift in Sources */,
				9C4A390029B168CF008639D6 /* AddTransactionViewController.swift in Sources */,
				9C4A38FE29AEE6AC008639D6 /* CoreDataManager.swift in Sources */,
				9C9A1C4129B19E8B005A7B6A /* Transaction+Convenience.swift in Sources */,
				9C4A390429B18A8E008639D6 /* IncomeTableViewController.swift in Sources */,
				9C4A38FC29AD2674008639D6 /* WeeklySpendController.swift in Sources */,
			);
			runOnlyForDeploymentPostprocessing = 0;
		};
/* End PBXSourcesBuildPhase section */

/* Begin XCBuildConfiguration section */
		9CD06FBF299869A20017EF5F /* Debug */ = {
			isa = XCBuildConfiguration;
			buildSettings = {
				ALWAYS_SEARCH_USER_PATHS = NO;
				CLANG_ANALYZER_NONNULL = YES;
				CLANG_ANALYZER_NUMBER_OBJECT_CONVERSION = YES_AGGRESSIVE;
				CLANG_CXX_LANGUAGE_STANDARD = "gnu++20";
				CLANG_ENABLE_MODULES = YES;
				CLANG_ENABLE_OBJC_ARC = YES;
				CLANG_ENABLE_OBJC_WEAK = YES;
				CLANG_WARN_BLOCK_CAPTURE_AUTORELEASING = YES;
				CLANG_WARN_BOOL_CONVERSION = YES;
				CLANG_WARN_COMMA = YES;
				CLANG_WARN_CONSTANT_CONVERSION = YES;
				CLANG_WARN_DEPRECATED_OBJC_IMPLEMENTATIONS = YES;
				CLANG_WARN_DIRECT_OBJC_ISA_USAGE = YES_ERROR;
				CLANG_WARN_DOCUMENTATION_COMMENTS = YES;
				CLANG_WARN_EMPTY_BODY = YES;
				CLANG_WARN_ENUM_CONVERSION = YES;
				CLANG_WARN_INFINITE_RECURSION = YES;
				CLANG_WARN_INT_CONVERSION = YES;
				CLANG_WARN_NON_LITERAL_NULL_CONVERSION = YES;
				CLANG_WARN_OBJC_IMPLICIT_RETAIN_SELF = YES;
				CLANG_WARN_OBJC_LITERAL_CONVERSION = YES;
				CLANG_WARN_OBJC_ROOT_CLASS = YES_ERROR;
				CLANG_WARN_QUOTED_INCLUDE_IN_FRAMEWORK_HEADER = YES;
				CLANG_WARN_RANGE_LOOP_ANALYSIS = YES;
				CLANG_WARN_STRICT_PROTOTYPES = YES;
				CLANG_WARN_SUSPICIOUS_MOVE = YES;
				CLANG_WARN_UNGUARDED_AVAILABILITY = YES_AGGRESSIVE;
				CLANG_WARN_UNREACHABLE_CODE = YES;
				CLANG_WARN__DUPLICATE_METHOD_MATCH = YES;
				COPY_PHASE_STRIP = NO;
				DEBUG_INFORMATION_FORMAT = dwarf;
				ENABLE_STRICT_OBJC_MSGSEND = YES;
				ENABLE_TESTABILITY = YES;
				GCC_C_LANGUAGE_STANDARD = gnu11;
				GCC_DYNAMIC_NO_PIC = NO;
				GCC_NO_COMMON_BLOCKS = YES;
				GCC_OPTIMIZATION_LEVEL = 0;
				GCC_PREPROCESSOR_DEFINITIONS = (
					"DEBUG=1",
					"$(inherited)",
				);
				GCC_WARN_64_TO_32_BIT_CONVERSION = YES;
				GCC_WARN_ABOUT_RETURN_TYPE = YES_ERROR;
				GCC_WARN_UNDECLARED_SELECTOR = YES;
				GCC_WARN_UNINITIALIZED_AUTOS = YES_AGGRESSIVE;
				GCC_WARN_UNUSED_FUNCTION = YES;
				GCC_WARN_UNUSED_VARIABLE = YES;
				IPHONEOS_DEPLOYMENT_TARGET = 16.2;
				MTL_ENABLE_DEBUG_INFO = INCLUDE_SOURCE;
				MTL_FAST_MATH = YES;
				ONLY_ACTIVE_ARCH = YES;
				SDKROOT = iphoneos;
				SWIFT_ACTIVE_COMPILATION_CONDITIONS = DEBUG;
				SWIFT_OPTIMIZATION_LEVEL = "-Onone";
			};
			name = Debug;
		};
		9CD06FC0299869A20017EF5F /* Release */ = {
			isa = XCBuildConfiguration;
			buildSettings = {
				ALWAYS_SEARCH_USER_PATHS = NO;
				CLANG_ANALYZER_NONNULL = YES;
				CLANG_ANALYZER_NUMBER_OBJECT_CONVERSION = YES_AGGRESSIVE;
				CLANG_CXX_LANGUAGE_STANDARD = "gnu++20";
				CLANG_ENABLE_MODULES = YES;
				CLANG_ENABLE_OBJC_ARC = YES;
				CLANG_ENABLE_OBJC_WEAK = YES;
				CLANG_WARN_BLOCK_CAPTURE_AUTORELEASING = YES;
				CLANG_WARN_BOOL_CONVERSION = YES;
				CLANG_WARN_COMMA = YES;
				CLANG_WARN_CONSTANT_CONVERSION = YES;
				CLANG_WARN_DEPRECATED_OBJC_IMPLEMENTATIONS = YES;
				CLANG_WARN_DIRECT_OBJC_ISA_USAGE = YES_ERROR;
				CLANG_WARN_DOCUMENTATION_COMMENTS = YES;
				CLANG_WARN_EMPTY_BODY = YES;
				CLANG_WARN_ENUM_CONVERSION = YES;
				CLANG_WARN_INFINITE_RECURSION = YES;
				CLANG_WARN_INT_CONVERSION = YES;
				CLANG_WARN_NON_LITERAL_NULL_CONVERSION = YES;
				CLANG_WARN_OBJC_IMPLICIT_RETAIN_SELF = YES;
				CLANG_WARN_OBJC_LITERAL_CONVERSION = YES;
				CLANG_WARN_OBJC_ROOT_CLASS = YES_ERROR;
				CLANG_WARN_QUOTED_INCLUDE_IN_FRAMEWORK_HEADER = YES;
				CLANG_WARN_RANGE_LOOP_ANALYSIS = YES;
				CLANG_WARN_STRICT_PROTOTYPES = YES;
				CLANG_WARN_SUSPICIOUS_MOVE = YES;
				CLANG_WARN_UNGUARDED_AVAILABILITY = YES_AGGRESSIVE;
				CLANG_WARN_UNREACHABLE_CODE = YES;
				CLANG_WARN__DUPLICATE_METHOD_MATCH = YES;
				COPY_PHASE_STRIP = NO;
				DEBUG_INFORMATION_FORMAT = "dwarf-with-dsym";
				ENABLE_NS_ASSERTIONS = NO;
				ENABLE_STRICT_OBJC_MSGSEND = YES;
				GCC_C_LANGUAGE_STANDARD = gnu11;
				GCC_NO_COMMON_BLOCKS = YES;
				GCC_WARN_64_TO_32_BIT_CONVERSION = YES;
				GCC_WARN_ABOUT_RETURN_TYPE = YES_ERROR;
				GCC_WARN_UNDECLARED_SELECTOR = YES;
				GCC_WARN_UNINITIALIZED_AUTOS = YES_AGGRESSIVE;
				GCC_WARN_UNUSED_FUNCTION = YES;
				GCC_WARN_UNUSED_VARIABLE = YES;
				IPHONEOS_DEPLOYMENT_TARGET = 16.2;
				MTL_ENABLE_DEBUG_INFO = NO;
				MTL_FAST_MATH = YES;
				SDKROOT = iphoneos;
				SWIFT_COMPILATION_MODE = wholemodule;
				SWIFT_OPTIMIZATION_LEVEL = "-O";
				VALIDATE_PRODUCT = YES;
			};
			name = Release;
		};
		9CD06FC2299869A20017EF5F /* Debug */ = {
			isa = XCBuildConfiguration;
			buildSettings = {
				ASSETCATALOG_COMPILER_APPICON_NAME = AppIcon;
				ASSETCATALOG_COMPILER_GLOBAL_ACCENT_COLOR_NAME = AccentColor;
				CODE_SIGN_STYLE = Automatic;
				CURRENT_PROJECT_VERSION = 1;
				DEVELOPMENT_TEAM = GBG5422KCQ;
				GENERATE_INFOPLIST_FILE = YES;
				INFOPLIST_FILE = BudgetView/Resources/Info.plist;
				INFOPLIST_KEY_UIApplicationSupportsIndirectInputEvents = YES;
				INFOPLIST_KEY_UILaunchStoryboardName = LaunchScreen;
				INFOPLIST_KEY_UIMainStoryboardFile = Main;
				INFOPLIST_KEY_UISupportedInterfaceOrientations_iPad = "UIInterfaceOrientationPortrait UIInterfaceOrientationPortraitUpsideDown UIInterfaceOrientationLandscapeLeft UIInterfaceOrientationLandscapeRight";
				INFOPLIST_KEY_UISupportedInterfaceOrientations_iPhone = "UIInterfaceOrientationPortrait UIInterfaceOrientationLandscapeLeft UIInterfaceOrientationLandscapeRight";
				LD_RUNPATH_SEARCH_PATHS = (
					"$(inherited)",
					"@executable_path/Frameworks",
				);
				MARKETING_VERSION = 1.0;
				PRODUCT_BUNDLE_IDENTIFIER = HYMS.BudgetView;
				PRODUCT_NAME = "$(TARGET_NAME)";
				SWIFT_EMIT_LOC_STRINGS = YES;
				SWIFT_VERSION = 5.0;
				TARGETED_DEVICE_FAMILY = "1,2";
			};
			name = Debug;
		};
		9CD06FC3299869A20017EF5F /* Release */ = {
			isa = XCBuildConfiguration;
			buildSettings = {
				ASSETCATALOG_COMPILER_APPICON_NAME = AppIcon;
				ASSETCATALOG_COMPILER_GLOBAL_ACCENT_COLOR_NAME = AccentColor;
				CODE_SIGN_STYLE = Automatic;
				CURRENT_PROJECT_VERSION = 1;
				DEVELOPMENT_TEAM = GBG5422KCQ;
				GENERATE_INFOPLIST_FILE = YES;
				INFOPLIST_FILE = BudgetView/Resources/Info.plist;
				INFOPLIST_KEY_UIApplicationSupportsIndirectInputEvents = YES;
				INFOPLIST_KEY_UILaunchStoryboardName = LaunchScreen;
				INFOPLIST_KEY_UIMainStoryboardFile = Main;
				INFOPLIST_KEY_UISupportedInterfaceOrientations_iPad = "UIInterfaceOrientationPortrait UIInterfaceOrientationPortraitUpsideDown UIInterfaceOrientationLandscapeLeft UIInterfaceOrientationLandscapeRight";
				INFOPLIST_KEY_UISupportedInterfaceOrientations_iPhone = "UIInterfaceOrientationPortrait UIInterfaceOrientationLandscapeLeft UIInterfaceOrientationLandscapeRight";
				LD_RUNPATH_SEARCH_PATHS = (
					"$(inherited)",
					"@executable_path/Frameworks",
				);
				MARKETING_VERSION = 1.0;
				PRODUCT_BUNDLE_IDENTIFIER = HYMS.BudgetView;
				PRODUCT_NAME = "$(TARGET_NAME)";
				SWIFT_EMIT_LOC_STRINGS = YES;
				SWIFT_VERSION = 5.0;
				TARGETED_DEVICE_FAMILY = "1,2";
			};
			name = Release;
		};
/* End XCBuildConfiguration section */

/* Begin XCConfigurationList section */
		9CD06FA5299869A00017EF5F /* Build configuration list for PBXProject "BudgetView" */ = {
			isa = XCConfigurationList;
			buildConfigurations = (
				9CD06FBF299869A20017EF5F /* Debug */,
				9CD06FC0299869A20017EF5F /* Release */,
			);
			defaultConfigurationIsVisible = 0;
			defaultConfigurationName = Release;
		};
		9CD06FC1299869A20017EF5F /* Build configuration list for PBXNativeTarget "BudgetView" */ = {
			isa = XCConfigurationList;
			buildConfigurations = (
				9CD06FC2299869A20017EF5F /* Debug */,
				9CD06FC3299869A20017EF5F /* Release */,
			);
			defaultConfigurationIsVisible = 0;
			defaultConfigurationName = Release;
		};
/* End XCConfigurationList section */

/* Begin XCVersionGroup section */
		9CD06FB6299869A10017EF5F /* BudgetView.xcdatamodeld */ = {
			isa = XCVersionGroup;
			children = (
				9CD06FB7299869A10017EF5F /* BudgetView.xcdatamodel */,
			);
			currentVersion = 9CD06FB7299869A10017EF5F /* BudgetView.xcdatamodel */;
			path = BudgetView.xcdatamodeld;
			sourceTree = "<group>";
			versionGroupType = wrapper.xcdatamodel;
		};
/* End XCVersionGroup section */
	};
	rootObject = 9CD06FA2299869A00017EF5F /* Project object */;
}
